
Microsoft Visual Studio Solution File, Format Version 12.00
# Visual Studio Version 17
VisualStudioVersion = 17.14.36121.58 d17.14
MinimumVisualStudioVersion = 10.0.40219.1
Project("{FAE04EC0-301F-11D3-BF4B-00C04F79EFBC}") = "CarbuneApacks", "CarbuneApacks.csproj", "{616C1A81-29E7-419C-9A3D-3AEFF5EAAAFA}"
EndProject
Global
	GlobalSection(SolutionConfigurationPlatforms) = preSolution
		Debug|Any CPU = Debug|Any CPU
		Release|Any CPU = Release|Any CPU
	EndGlobalSection
	GlobalSection(ProjectConfigurationPlatforms) = postSolution
		{616C1A81-29E7-419C-9A3D-3AEFF5EAAAFA}.Debug|Any CPU.ActiveCfg = Debug|Any CPU
		{616C1A81-29E7-419C-9A3D-3AEFF5EAAAFA}.Debug|Any CPU.Build.0 = Debug|Any CPU
		{616C1A81-29E7-419C-9A3D-3AEFF5EAAAFA}.Release|Any CPU.ActiveCfg = Release|Any CPU
		{616C1A81-29E7-419C-9A3D-3AEFF5EAAAFA}.Release|Any CPU.Build.0 = Release|Any CPU
	EndGlobalSection
	GlobalSection(SolutionProperties) = preSolution
		HideSolutionNode = FALSE
	EndGlobalSection
	GlobalSection(ExtensibilityGlobals) = postSolution
		SolutionGuid = {17F55AD0-497B-4243-9ECC-F3333EAE0BF8}
	EndGlobalSection
EndGlobal
